// !$*UTF8*$!
{
	archiveVersion = 1;
	classes = {
	};
	objectVersion = 48;
	objects = {

/* Begin PBXBuildFile section */
		45A2116B1FC1D6F900CE148D /* AppDelegate.swift in Sources */ = {isa = PBXBuildFile; fileRef = 45A2116A1FC1D6F900CE148D /* AppDelegate.swift */; };
		45A2116D1FC1D6F900CE148D /* MainVC.swift in Sources */ = {isa = PBXBuildFile; fileRef = 45A2116C1FC1D6F900CE148D /* MainVC.swift */; };
		45A211701FC1D6F900CE148D /* Main.storyboard in Resources */ = {isa = PBXBuildFile; fileRef = 45A2116E1FC1D6F900CE148D /* Main.storyboard */; };
		45A211721FC1D6F900CE148D /* Assets.xcassets in Resources */ = {isa = PBXBuildFile; fileRef = 45A211711FC1D6F900CE148D /* Assets.xcassets */; };
		45A211751FC1D6F900CE148D /* LaunchScreen.storyboard in Resources */ = {isa = PBXBuildFile; fileRef = 45A211731FC1D6F900CE148D /* LaunchScreen.storyboard */; };
/* End PBXBuildFile section */

/* Begin PBXFileReference section */
		45A211671FC1D6F900CE148D /* hustle-app.app */ = {isa = PBXFileReference; explicitFileType = wrapper.application; includeInIndex = 0; path = "hustle-app.app"; sourceTree = BUILT_PRODUCTS_DIR; };
		45A2116A1FC1D6F900CE148D /* AppDelegate.swift */ = {isa = PBXFileReference; lastKnownFileType = sourcecode.swift; path = AppDelegate.swift; sourceTree = "<group>"; };
		45A2116C1FC1D6F900CE148D /* MainVC.swift */ = {isa = PBXFileReference; lastKnownFileType = sourcecode.swift; path = MainVC.swift; sourceTree = "<group>"; };
		45A2116F1FC1D6F900CE148D /* Base */ = {isa = PBXFileReference; lastKnownFileType = file.storyboard; name = Base; path = Base.lproj/Main.storyboard; sourceTree = "<group>"; };
		45A211711FC1D6F900CE148D /* Assets.xcassets */ = {isa = PBXFileReference; lastKnownFileType = folder.assetcatalog; path = Assets.xcassets; sourceTree = "<group>"; };
		45A211741FC1D6F900CE148D /* Base */ = {isa = PBXFileReference; lastKnownFileType = file.storyboard; name = Base; path = Base.lproj/LaunchScreen.storyboard; sourceTree = "<group>"; };
		45A211761FC1D6F900CE148D /* Info.plist */ = {isa = PBXFileReference; lastKnownFileType = text.plist.xml; path = Info.plist; sourceTree = "<group>"; };
/* End PBXFileReference section */

/* Begin PBXFrameworksBuildPhase section */
		45A211641FC1D6F900CE148D /* Frameworks */ = {
			isa = PBXFrameworksBuildPhase;
			buildActionMask = 2147483647;
			files = (
			);
			runOnlyForDeploymentPostprocessing = 0;
		};
/* End PBXFrameworksBuildPhase section */

/* Begin PBXGroup section */
		45A2115E1FC1D6F900CE148D = {
			isa = PBXGroup;
			children = (
				45A211691FC1D6F900CE148D /* hustle-app */,
				45A211681FC1D6F900CE148D /* Products */,
			);
			sourceTree = "<group>";
		};
		45A211681FC1D6F900CE148D /* Products */ = {
			isa = PBXGroup;
			children = (
				45A211671FC1D6F900CE148D /* hustle-app.app */,
			);
			name = Products;
			sourceTree = "<group>";
		};
		45A211691FC1D6F900CE148D /* hustle-app */ = {
			isa = PBXGroup;
			children = (
				45A2117E1FC1D71600CE148D /* Controller */,
				45A2117D1FC1D71200CE148D /* View */,
				45A2117C1FC1D70600CE148D /* Model */,
				45A2116A1FC1D6F900CE148D /* AppDelegate.swift */,
				45A2116E1FC1D6F900CE148D /* Main.storyboard */,
				45A211711FC1D6F900CE148D /* Assets.xcassets */,
				45A211731FC1D6F900CE148D /* LaunchScreen.storyboard */,
				45A211761FC1D6F900CE148D /* Info.plist */,
			);
			path = "hustle-app";
			sourceTree = "<group>";
		};
		45A2117C1FC1D70600CE148D /* Model */ = {
			isa = PBXGroup;
			children = (
			);
			path = Model;
			sourceTree = "<group>";
		};
		45A2117D1FC1D71200CE148D /* View */ = {
			isa = PBXGroup;
			children = (
			);
			path = View;
			sourceTree = "<group>";
		};
		45A2117E1FC1D71600CE148D /* Controller */ = {
			isa = PBXGroup;
			children = (
				45A2116C1FC1D6F900CE148D /* MainVC.swift */,
			);
			path = Controller;
			sourceTree = "<group>";
		};
/* End PBXGroup section */

/* Begin PBXNativeTarget section */
		45A211661FC1D6F900CE148D /* hustle-app */ = {
			isa = PBXNativeTarget;
			buildConfigurationList = 45A211791FC1D6F900CE148D /* Build configuration list for PBXNativeTarget "hustle-app" */;
			buildPhases = (
				45A211631FC1D6F900CE148D /* Sources */,
				45A211641FC1D6F900CE148D /* Frameworks */,
				45A211651FC1D6F900CE148D /* Resources */,
			);
			buildRules = (
			);
			dependencies = (
			);
			name = "hustle-app";
			productName = "hustle-app";
			productReference = 45A211671FC1D6F900CE148D /* hustle-app.app */;
			productType = "com.apple.product-type.application";
		};
/* End PBXNativeTarget section */

/* Begin PBXProject section */
		45A2115F1FC1D6F900CE148D /* Project object */ = {
			isa = PBXProject;
			attributes = {
				LastSwiftUpdateCheck = 0900;
				LastUpgradeCheck = 0900;
				ORGANIZATIONNAME = Air;
				TargetAttributes = {
					45A211661FC1D6F900CE148D = {
						CreatedOnToolsVersion = 9.0;
						ProvisioningStyle = Automatic;
					};
				};
			};
			buildConfigurationList = 45A211621FC1D6F900CE148D /* Build configuration list for PBXProject "hustle-app" */;
			compatibilityVersion = "Xcode 8.0";
			developmentRegion = en;
			hasScannedForEncodings = 0;
			knownRegions = (
				en,
				Base,
			);
			mainGroup = 45A2115E1FC1D6F900CE148D;
			productRefGroup = 45A211681FC1D6F900CE148D /* Products */;
			projectDirPath = "";
			projectRoot = "";
			targets = (
				45A211661FC1D6F900CE148D /* hustle-app */,
			);
		};
/* End PBXProject section */

/* Begin PBXResourcesBuildPhase section */
		45A211651FC1D6F900CE148D /* Resources */ = {
			isa = PBXResourcesBuildPhase;
			buildActionMask = 2147483647;
			files = (
				45A211751FC1D6F900CE148D /* LaunchScreen.storyboard in Resources */,
				45A211721FC1D6F900CE148D /* Assets.xcassets in Resources */,
				45A211701FC1D6F900CE148D /* Main.storyboard in Resources */,
			);
			runOnlyForDeploymentPostprocessing = 0;
		};
/* End PBXResourcesBuildPhase section */

/* Begin PBXSourcesBuildPhase section */
		45A211631FC1D6F900CE148D /* Sources */ = {
			isa = PBXSourcesBuildPhase;
			buildActionMask = 2147483647;
			files = (
				45A2116D1FC1D6F900CE148D /* MainVC.swift in Sources */,
				45A2116B1FC1D6F900CE148D /* AppDelegate.swift in Sources */,
			);
			runOnlyForDeploymentPostprocessing = 0;
		};
/* End PBXSourcesBuildPhase section */

/* Begin PBXVariantGroup section */
		45A2116E1FC1D6F900CE148D /* Main.storyboard */ = {
			isa = PBXVariantGroup;
			children = (
				45A2116F1FC1D6F900CE148D /* Base */,
			);
			name = Main.storyboard;
			sourceTree = "<group>";
		};
		45A211731FC1D6F900CE148D /* LaunchScreen.storyboard */ = {
			isa = PBXVariantGroup;
			children = (
				45A211741FC1D6F900CE148D /* Base */,
			);
			name = LaunchScreen.storyboard;
			sourceTree = "<group>";
		};
/* End PBXVariantGroup section */

/* Begin XCBuildConfiguration section */
		45A211771FC1D6F900CE148D /* Debug */ = {
			isa = XCBuildConfiguration;
			buildSettings = {
				ALWAYS_SEARCH_USER_PATHS = NO;
				CLANG_ANALYZER_NONNULL = YES;
				CLANG_ANALYZER_NUMBER_OBJECT_CONVERSION = YES_AGGRESSIVE;
				CLANG_CXX_LANGUAGE_STANDARD = "gnu++14";
				CLANG_CXX_LIBRARY = "libc++";
				CLANG_ENABLE_MODULES = YES;
				CLANG_ENABLE_OBJC_ARC = YES;
				CLANG_WARN_BLOCK_CAPTURE_AUTORELEASING = YES;
				CLANG_WARN_BOOL_CONVERSION = YES;
				CLANG_WARN_COMMA = YES;
				CLANG_WARN_CONSTANT_CONVERSION = YES;
				CLANG_WARN_DIRECT_OBJC_ISA_USAGE = YES_ERROR;
				CLANG_WARN_DOCUMENTATION_COMMENTS = YES;
				CLANG_WARN_EMPTY_BODY = YES;
				CLANG_WARN_ENUM_CONVERSION = YES;
				CLANG_WARN_INFINITE_RECURSION = YES;
				CLANG_WARN_INT_CONVERSION = YES;
				CLANG_WARN_NON_LITERAL_NULL_CONVERSION = YES;
				CLANG_WARN_OBJC_LITERAL_CONVERSION = YES;
				CLANG_WARN_OBJC_ROOT_CLASS = YES_ERROR;
				CLANG_WARN_RANGE_LOOP_ANALYSIS = YES;
				CLANG_WARN_STRICT_PROTOTYPES = YES;
				CLANG_WARN_SUSPICIOUS_MOVE = YES;
				CLANG_WARN_UNGUARDED_AVAILABILITY = YES_AGGRESSIVE;
				CLANG_WARN_UNREACHABLE_CODE = YES;
				CLANG_WARN__DUPLICATE_METHOD_MATCH = YES;
				CODE_SIGN_IDENTITY = "iPhone Developer";
				COPY_PHASE_STRIP = NO;
				DEBUG_INFORMATION_FORMAT = dwarf;
				ENABLE_STRICT_OBJC_MSGSEND = YES;
				ENABLE_TESTABILITY = YES;
				GCC_C_LANGUAGE_STANDARD = gnu11;
				GCC_DYNAMIC_NO_PIC = NO;
				GCC_NO_COMMON_BLOCKS = YES;
				GCC_OPTIMIZATION_LEVEL = 0;
				GCC_PREPROCESSOR_DEFINITIONS = (
					"DEBUG=1",
					"$(inherited)",
				);
				GCC_WARN_64_TO_32_BIT_CONVERSION = YES;
				GCC_WARN_ABOUT_RETURN_TYPE = YES_ERROR;
				GCC_WARN_UNDECLARED_SELECTOR = YES;
				GCC_WARN_UNINITIALIZED_AUTOS = YES_AGGRESSIVE;
				GCC_WARN_UNUSED_FUNCTION = YES;
				GCC_WARN_UNUSED_VARIABLE = YES;
				IPHONEOS_DEPLOYMENT_TARGET = 11.0;
				MTL_ENABLE_DEBUG_INFO = YES;
				ONLY_ACTIVE_ARCH = YES;
				SDKROOT = iphoneos;
				SWIFT_ACTIVE_COMPILATION_CONDITIONS = DEBUG;
				SWIFT_OPTIMIZATION_LEVEL = "-Onone";
			};
			name = Debug;
		};
		45A211781FC1D6F900CE148D /* Release */ = {
			isa = XCBuildConfiguration;
			buildSettings = {
				ALWAYS_SEARCH_USER_PATHS = NO;
				CLANG_ANALYZER_NONNULL = YES;
				CLANG_ANALYZER_NUMBER_OBJECT_CONVERSION = YES_AGGRESSIVE;
				CLANG_CXX_LANGUAGE_STANDARD = "gnu++14";
				CLANG_CXX_LIBRARY = "libc++";
				CLANG_ENABLE_MODULES = YES;
				CLANG_ENABLE_OBJC_ARC = YES;
				CLANG_WARN_BLOCK_CAPTURE_AUTORELEASING = YES;
				CLANG_WARN_BOOL_CONVERSION = YES;
				CLANG_WARN_COMMA = YES;
				CLANG_WARN_CONSTANT_CONVERSION = YES;
				CLANG_WARN_DIRECT_OBJC_ISA_USAGE = YES_ERROR;
				CLANG_WARN_DOCUMENTATION_COMMENTS = YES;
				CLANG_WARN_EMPTY_BODY = YES;
				CLANG_WARN_ENUM_CONVERSION = YES;
				CLANG_WARN_INFINITE_RECURSION = YES;
				CLANG_WARN_INT_CONVERSION = YES;
				CLANG_WARN_NON_LITERAL_NULL_CONVERSION = YES;
				CLANG_WARN_OBJC_LITERAL_CONVERSION = YES;
				CLANG_WARN_OBJC_ROOT_CLASS = YES_ERROR;
				CLANG_WARN_RANGE_LOOP_ANALYSIS = YES;
				CLANG_WARN_STRICT_PROTOTYPES = YES;
				CLANG_WARN_SUSPICIOUS_MOVE = YES;
				CLANG_WARN_UNGUARDED_AVAILABILITY = YES_AGGRESSIVE;
				CLANG_WARN_UNREACHABLE_CODE = YES;
				CLANG_WARN__DUPLICATE_METHOD_MATCH = YES;
				CODE_SIGN_IDENTITY = "iPhone Developer";
				COPY_PHASE_STRIP = NO;
				DEBUG_INFORMATION_FORMAT = "dwarf-with-dsym";
				ENABLE_NS_ASSERTIONS = NO;
				ENABLE_STRICT_OBJC_MSGSEND = YES;
				GCC_C_LANGUAGE_STANDARD = gnu11;
				GCC_NO_COMMON_BLOCKS = YES;
				GCC_WARN_64_TO_32_BIT_CONVERSION = YES;
				GCC_WARN_ABOUT_RETURN_TYPE = YES_ERROR;
				GCC_WARN_UNDECLARED_SELECTOR = YES;
				GCC_WARN_UNINITIALIZED_AUTOS = YES_AGGRESSIVE;
				GCC_WARN_UNUSED_FUNCTION = YES;
				GCC_WARN_UNUSED_VARIABLE = YES;
				IPHONEOS_DEPLOYMENT_TARGET = 11.0;
				MTL_ENABLE_DEBUG_INFO = NO;
				SDKROOT = iphoneos;
				SWIFT_OPTIMIZATION_LEVEL = "-Owholemodule";
				VALIDATE_PRODUCT = YES;
			};
			name = Release;
		};
		45A2117A1FC1D6F900CE148D /* Debug */ = {
			isa = XCBuildConfiguration;
			buildSettings = {
				ASSETCATALOG_COMPILER_APPICON_NAME = AppIcon;
				CODE_SIGN_STYLE = Automatic;
				INFOPLIST_FILE = "hustle-app/Info.plist";
				LD_RUNPATH_SEARCH_PATHS = "$(inherited) @executable_path/Frameworks";
				PRODUCT_BUNDLE_IDENTIFIER = "com.air.hustle-app";
				PRODUCT_NAME = "$(TARGET_NAME)";
				SWIFT_VERSION = 4.0;
				TARGETED_DEVICE_FAMILY = "1,2";
			};
			name = Debug;
		};
		45A2117B1FC1D6F900CE148D /* Release */ = {
			isa = XCBuildConfiguration;
			buildSettings = {
				ASSETCATALOG_COMPILER_APPICON_NAME = AppIcon;
				CODE_SIGN_STYLE = Automatic;
				INFOPLIST_FILE = "hustle-app/Info.plist";
				LD_RUNPATH_SEARCH_PATHS = "$(inherited) @executable_path/Frameworks";
				PRODUCT_BUNDLE_IDENTIFIER = "com.air.hustle-app";
				PRODUCT_NAME = "$(TARGET_NAME)";
				SWIFT_VERSION = 4.0;
				TARGETED_DEVICE_FAMILY = "1,2";
			};
			name = Release;
		};
/* End XCBuildConfiguration section */

/* Begin XCConfigurationList section */
		45A211621FC1D6F900CE148D /* Build configuration list for PBXProject "hustle-app" */ = {
			isa = XCConfigurationList;
			buildConfigurations = (
				45A211771FC1D6F900CE148D /* Debug */,
				45A211781FC1D6F900CE148D /* Release */,
			);
			defaultConfigurationIsVisible = 0;
			defaultConfigurationName = Release;
		};
		45A211791FC1D6F900CE148D /* Build configuration list for PBXNativeTarget "hustle-app" */ = {
			isa = XCConfigurationList;
			buildConfigurations = (
				45A2117A1FC1D6F900CE148D /* Debug */,
				45A2117B1FC1D6F900CE148D /* Release */,
			);
			defaultConfigurationIsVisible = 0;
			defaultConfigurationName = Release;
		};
/* End XCConfigurationList section */
	};
	rootObject = 45A2115F1FC1D6F900CE148D /* Project object */;
}
